
Microsoft Visual Studio Solution File, Format Version 12.00
# Visual Studio Version 17
VisualStudioVersion = 17.7.34221.43
MinimumVisualStudioVersion = 10.0.40219.1
Project("{FAE04EC0-301F-11D3-BF4B-00C04F79EFBC}") = "Jungle_WPF_Plugins_DrawingTools", "Jungle_WPF_Plugins_DrawingTools\Jungle_WPF_Plugins_DrawingTools.csproj", "{E88FB8B5-BFFF-4284-9A99-3BD94223E81D}"
EndProject
Global
	GlobalSection(SolutionConfigurationPlatforms) = preSolution
		Debug|Any CPU = Debug|Any CPU
		Release|Any CPU = Release|Any CPU
	EndGlobalSection
	GlobalSection(ProjectConfigurationPlatforms) = postSolution
		{E88FB8B5-BFFF-4284-9A99-3BD94223E81D}.Debug|Any CPU.ActiveCfg = Debug|Any CPU
		{E88FB8B5-BFFF-4284-9A99-3BD94223E81D}.Debug|Any CPU.Build.0 = Debug|Any CPU
		{E88FB8B5-BFFF-4284-9A99-3BD94223E81D}.Release|Any CPU.ActiveCfg = Release|Any CPU
		{E88FB8B5-BFFF-4284-9A99-3BD94223E81D}.Release|Any CPU.Build.0 = Release|Any CPU
	EndGlobalSection
	GlobalSection(SolutionProperties) = preSolution
		HideSolutionNode = FALSE
	EndGlobalSection
	GlobalSection(ExtensibilityGlobals) = postSolution
		SolutionGuid = {BB2855B4-DA97-4333-BEEA-BE1B92E73DFC}
	EndGlobalSection
EndGlobal
